
Microsoft Visual Studio Solution File, Format Version 12.00
# Visual Studio Version 17
VisualStudioVersion = 17.0.31903.59
MinimumVisualStudioVersion = 10.0.40219.1
Project("{2150E333-8FDC-42A3-9474-1A3956D46DE8}") = "src", "src", "{827E0CD3-B72D-47B6-A68D-7590B98EB39B}"
EndProject
Project("{2150E333-8FDC-42A3-9474-1A3956D46DE8}") = "Common", "Common", "{BFF2DF6E-AA54-47C7-211F-79ACCBB4577C}"
EndProject
Project("{FAE04EC0-301F-11D3-BF4B-00C04F79EFBC}") = "Domain", "src\Common\Domain\Domain.csproj", "{5631F839-1F44-41B0-92B5-1FD55ECF0B00}"
EndProject
Project("{FAE04EC0-301F-11D3-BF4B-00C04F79EFBC}") = "Infrastructure", "src\Common\Infrastructure\Infrastructure.csproj", "{F12C1FF2-EDA7-4D92-B58E-C2592879F162}"
EndProject
Project("{FAE04EC0-301F-11D3-BF4B-00C04F79EFBC}") = "Shared", "src\Common\Shared\Shared.csproj", "{48E4FCEF-1FCE-4D74-AB23-97533E281D3C}"
EndProject
Project("{2150E333-8FDC-42A3-9474-1A3956D46DE8}") = "Services", "Services", "{984BB9B3-3FA3-BE33-9484-CAC21695A33C}"
EndProject
Project("{FAE04EC0-301F-11D3-BF4B-00C04F79EFBC}") = "UserService", "src\Services\UserService\UserService.csproj", "{868C027C-0605-4722-82E3-3D2D72E0B67E}"
EndProject
Global
	GlobalSection(SolutionConfigurationPlatforms) = preSolution
		Debug|Any CPU = Debug|Any CPU
		Debug|x64 = Debug|x64
		Debug|x86 = Debug|x86
		Release|Any CPU = Release|Any CPU
		Release|x64 = Release|x64
		Release|x86 = Release|x86
	EndGlobalSection
	GlobalSection(ProjectConfigurationPlatforms) = postSolution
		{5631F839-1F44-41B0-92B5-1FD55ECF0B00}.Debug|Any CPU.ActiveCfg = Debug|Any CPU
		{5631F839-1F44-41B0-92B5-1FD55ECF0B00}.Debug|Any CPU.Build.0 = Debug|Any CPU
		{5631F839-1F44-41B0-92B5-1FD55ECF0B00}.Debug|x64.ActiveCfg = Debug|Any CPU
		{5631F839-1F44-41B0-92B5-1FD55ECF0B00}.Debug|x64.Build.0 = Debug|Any CPU
		{5631F839-1F44-41B0-92B5-1FD55ECF0B00}.Debug|x86.ActiveCfg = Debug|Any CPU
		{5631F839-1F44-41B0-92B5-1FD55ECF0B00}.Debug|x86.Build.0 = Debug|Any CPU
		{5631F839-1F44-41B0-92B5-1FD55ECF0B00}.Release|Any CPU.ActiveCfg = Release|Any CPU
		{5631F839-1F44-41B0-92B5-1FD55ECF0B00}.Release|Any CPU.Build.0 = Release|Any CPU
		{5631F839-1F44-41B0-92B5-1FD55ECF0B00}.Release|x64.ActiveCfg = Release|Any CPU
		{5631F839-1F44-41B0-92B5-1FD55ECF0B00}.Release|x64.Build.0 = Release|Any CPU
		{5631F839-1F44-41B0-92B5-1FD55ECF0B00}.Release|x86.ActiveCfg = Release|Any CPU
		{5631F839-1F44-41B0-92B5-1FD55ECF0B00}.Release|x86.Build.0 = Release|Any CPU
		{F12C1FF2-EDA7-4D92-B58E-C2592879F162}.Debug|Any CPU.ActiveCfg = Debug|Any CPU
		{F12C1FF2-EDA7-4D92-B58E-C2592879F162}.Debug|Any CPU.Build.0 = Debug|Any CPU
		{F12C1FF2-EDA7-4D92-B58E-C2592879F162}.Debug|x64.ActiveCfg = Debug|Any CPU
		{F12C1FF2-EDA7-4D92-B58E-C2592879F162}.Debug|x64.Build.0 = Debug|Any CPU
		{F12C1FF2-EDA7-4D92-B58E-C2592879F162}.Debug|x86.ActiveCfg = Debug|Any CPU
		{F12C1FF2-EDA7-4D92-B58E-C2592879F162}.Debug|x86.Build.0 = Debug|Any CPU
		{F12C1FF2-EDA7-4D92-B58E-C2592879F162}.Release|Any CPU.ActiveCfg = Release|Any CPU
		{F12C1FF2-EDA7-4D92-B58E-C2592879F162}.Release|Any CPU.Build.0 = Release|Any CPU
		{F12C1FF2-EDA7-4D92-B58E-C2592879F162}.Release|x64.ActiveCfg = Release|Any CPU
		{F12C1FF2-EDA7-4D92-B58E-C2592879F162}.Release|x64.Build.0 = Release|Any CPU
		{F12C1FF2-EDA7-4D92-B58E-C2592879F162}.Release|x86.ActiveCfg = Release|Any CPU
		{F12C1FF2-EDA7-4D92-B58E-C2592879F162}.Release|x86.Build.0 = Release|Any CPU
		{48E4FCEF-1FCE-4D74-AB23-97533E281D3C}.Debug|Any CPU.ActiveCfg = Debug|Any CPU
		{48E4FCEF-1FCE-4D74-AB23-97533E281D3C}.Debug|Any CPU.Build.0 = Debug|Any CPU
		{48E4FCEF-1FCE-4D74-AB23-97533E281D3C}.Debug|x64.ActiveCfg = Debug|Any CPU
		{48E4FCEF-1FCE-4D74-AB23-97533E281D3C}.Debug|x64.Build.0 = Debug|Any CPU
		{48E4FCEF-1FCE-4D74-AB23-97533E281D3C}.Debug|x86.ActiveCfg = Debug|Any CPU
		{48E4FCEF-1FCE-4D74-AB23-97533E281D3C}.Debug|x86.Build.0 = Debug|Any CPU
		{48E4FCEF-1FCE-4D74-AB23-97533E281D3C}.Release|Any CPU.ActiveCfg = Release|Any CPU
		{48E4FCEF-1FCE-4D74-AB23-97533E281D3C}.Release|Any CPU.Build.0 = Release|Any CPU
		{48E4FCEF-1FCE-4D74-AB23-97533E281D3C}.Release|x64.ActiveCfg = Release|Any CPU
		{48E4FCEF-1FCE-4D74-AB23-97533E281D3C}.Release|x64.Build.0 = Release|Any CPU
		{48E4FCEF-1FCE-4D74-AB23-97533E281D3C}.Release|x86.ActiveCfg = Release|Any CPU
		{48E4FCEF-1FCE-4D74-AB23-97533E281D3C}.Release|x86.Build.0 = Release|Any CPU
		{868C027C-0605-4722-82E3-3D2D72E0B67E}.Debug|Any CPU.ActiveCfg = Debug|Any CPU
		{868C027C-0605-4722-82E3-3D2D72E0B67E}.Debug|Any CPU.Build.0 = Debug|Any CPU
		{868C027C-0605-4722-82E3-3D2D72E0B67E}.Debug|x64.ActiveCfg = Debug|Any CPU
		{868C027C-0605-4722-82E3-3D2D72E0B67E}.Debug|x64.Build.0 = Debug|Any CPU
		{868C027C-0605-4722-82E3-3D2D72E0B67E}.Debug|x86.ActiveCfg = Debug|Any CPU
		{868C027C-0605-4722-82E3-3D2D72E0B67E}.Debug|x86.Build.0 = Debug|Any CPU
		{868C027C-0605-4722-82E3-3D2D72E0B67E}.Release|Any CPU.ActiveCfg = Release|Any CPU
		{868C027C-0605-4722-82E3-3D2D72E0B67E}.Release|Any CPU.Build.0 = Release|Any CPU
		{868C027C-0605-4722-82E3-3D2D72E0B67E}.Release|x64.ActiveCfg = Release|Any CPU
		{868C027C-0605-4722-82E3-3D2D72E0B67E}.Release|x64.Build.0 = Release|Any CPU
		{868C027C-0605-4722-82E3-3D2D72E0B67E}.Release|x86.ActiveCfg = Release|Any CPU
		{868C027C-0605-4722-82E3-3D2D72E0B67E}.Release|x86.Build.0 = Release|Any CPU
	EndGlobalSection
	GlobalSection(SolutionProperties) = preSolution
		HideSolutionNode = FALSE
	EndGlobalSection
	GlobalSection(NestedProjects) = preSolution
		{BFF2DF6E-AA54-47C7-211F-79ACCBB4577C} = {827E0CD3-B72D-47B6-A68D-7590B98EB39B}
		{5631F839-1F44-41B0-92B5-1FD55ECF0B00} = {BFF2DF6E-AA54-47C7-211F-79ACCBB4577C}
		{F12C1FF2-EDA7-4D92-B58E-C2592879F162} = {BFF2DF6E-AA54-47C7-211F-79ACCBB4577C}
		{48E4FCEF-1FCE-4D74-AB23-97533E281D3C} = {BFF2DF6E-AA54-47C7-211F-79ACCBB4577C}
		{984BB9B3-3FA3-BE33-9484-CAC21695A33C} = {827E0CD3-B72D-47B6-A68D-7590B98EB39B}
		{868C027C-0605-4722-82E3-3D2D72E0B67E} = {984BB9B3-3FA3-BE33-9484-CAC21695A33C}
	EndGlobalSection
EndGlobal
