
Microsoft Visual Studio Solution File, Format Version 12.00
# Visual Studio Version 17
VisualStudioVersion = 17.0.31903.59
MinimumVisualStudioVersion = 10.0.40219.1
Project("{2150E333-8FDC-42A3-9474-1A3956D46DE8}") = "Backend", "Backend", "{1AE8ACA6-933B-BF2A-3671-3E2EAC007D16}"
EndProject
Project("{2150E333-8FDC-42A3-9474-1A3956D46DE8}") = "Common", "Common", "{CD1F4F96-04C2-9CDD-1146-A4133699FB33}"
EndProject
Project("{FAE04EC0-301F-11D3-BF4B-00C04F79EFBC}") = "Shared", "Backend\Common\Shared\Shared.csproj", "{2BA37FAE-873A-4D3A-BCF5-D526AEC43A2F}"
EndProject
Project("{2150E333-8FDC-42A3-9474-1A3956D46DE8}") = "Services", "Services", "{3C755975-A7BD-44BC-C8F9-5B13F14529BF}"
EndProject
Project("{FAE04EC0-301F-11D3-BF4B-00C04F79EFBC}") = "BusinessService", "Backend\Services\BusinessService\BusinessService.csproj", "{2446710F-4287-4B34-B550-4300AF397747}"
EndProject
Project("{FAE04EC0-301F-11D3-BF4B-00C04F79EFBC}") = "BookingService", "Backend\Services\BookingService\BookingService.csproj", "{DB7C5930-0B3A-4C7E-BE2C-9FFAE8D5578F}"
EndProject
Project("{FAE04EC0-301F-11D3-BF4B-00C04F79EFBC}") = "SearchService", "Backend\Services\SearchService\SearchService.csproj", "{A45BF10C-14E9-4FCC-B7AD-E8962155343D}"
EndProject
Project("{FAE04EC0-301F-11D3-BF4B-00C04F79EFBC}") = "ReviewService", "Backend\Services\ReviewService\ReviewService.csproj", "{83A93B3D-61D0-46BE-9D14-03ACC69D50CE}"
EndProject
Global
	GlobalSection(SolutionConfigurationPlatforms) = preSolution
		Debug|Any CPU = Debug|Any CPU
		Debug|x64 = Debug|x64
		Debug|x86 = Debug|x86
		Release|Any CPU = Release|Any CPU
		Release|x64 = Release|x64
		Release|x86 = Release|x86
	EndGlobalSection
	GlobalSection(ProjectConfigurationPlatforms) = postSolution
		{2BA37FAE-873A-4D3A-BCF5-D526AEC43A2F}.Debug|Any CPU.ActiveCfg = Debug|Any CPU
		{2BA37FAE-873A-4D3A-BCF5-D526AEC43A2F}.Debug|Any CPU.Build.0 = Debug|Any CPU
		{2BA37FAE-873A-4D3A-BCF5-D526AEC43A2F}.Debug|x64.ActiveCfg = Debug|Any CPU
		{2BA37FAE-873A-4D3A-BCF5-D526AEC43A2F}.Debug|x64.Build.0 = Debug|Any CPU
		{2BA37FAE-873A-4D3A-BCF5-D526AEC43A2F}.Debug|x86.ActiveCfg = Debug|Any CPU
		{2BA37FAE-873A-4D3A-BCF5-D526AEC43A2F}.Debug|x86.Build.0 = Debug|Any CPU
		{2BA37FAE-873A-4D3A-BCF5-D526AEC43A2F}.Release|Any CPU.ActiveCfg = Release|Any CPU
		{2BA37FAE-873A-4D3A-BCF5-D526AEC43A2F}.Release|Any CPU.Build.0 = Release|Any CPU
		{2BA37FAE-873A-4D3A-BCF5-D526AEC43A2F}.Release|x64.ActiveCfg = Release|Any CPU
		{2BA37FAE-873A-4D3A-BCF5-D526AEC43A2F}.Release|x64.Build.0 = Release|Any CPU
		{2BA37FAE-873A-4D3A-BCF5-D526AEC43A2F}.Release|x86.ActiveCfg = Release|Any CPU
		{2BA37FAE-873A-4D3A-BCF5-D526AEC43A2F}.Release|x86.Build.0 = Release|Any CPU
		{2446710F-4287-4B34-B550-4300AF397747}.Debug|Any CPU.ActiveCfg = Debug|Any CPU
		{2446710F-4287-4B34-B550-4300AF397747}.Debug|Any CPU.Build.0 = Debug|Any CPU
		{2446710F-4287-4B34-B550-4300AF397747}.Debug|x64.ActiveCfg = Debug|Any CPU
		{2446710F-4287-4B34-B550-4300AF397747}.Debug|x64.Build.0 = Debug|Any CPU
		{2446710F-4287-4B34-B550-4300AF397747}.Debug|x86.ActiveCfg = Debug|Any CPU
		{2446710F-4287-4B34-B550-4300AF397747}.Debug|x86.Build.0 = Debug|Any CPU
		{2446710F-4287-4B34-B550-4300AF397747}.Release|Any CPU.ActiveCfg = Release|Any CPU
		{2446710F-4287-4B34-B550-4300AF397747}.Release|Any CPU.Build.0 = Release|Any CPU
		{2446710F-4287-4B34-B550-4300AF397747}.Release|x64.ActiveCfg = Release|Any CPU
		{2446710F-4287-4B34-B550-4300AF397747}.Release|x64.Build.0 = Release|Any CPU
		{2446710F-4287-4B34-B550-4300AF397747}.Release|x86.ActiveCfg = Release|Any CPU
		{2446710F-4287-4B34-B550-4300AF397747}.Release|x86.Build.0 = Release|Any CPU
		{DB7C5930-0B3A-4C7E-BE2C-9FFAE8D5578F}.Debug|Any CPU.ActiveCfg = Debug|Any CPU
		{DB7C5930-0B3A-4C7E-BE2C-9FFAE8D5578F}.Debug|Any CPU.Build.0 = Debug|Any CPU
		{DB7C5930-0B3A-4C7E-BE2C-9FFAE8D5578F}.Debug|x64.ActiveCfg = Debug|Any CPU
		{DB7C5930-0B3A-4C7E-BE2C-9FFAE8D5578F}.Debug|x64.Build.0 = Debug|Any CPU
		{DB7C5930-0B3A-4C7E-BE2C-9FFAE8D5578F}.Debug|x86.ActiveCfg = Debug|Any CPU
		{DB7C5930-0B3A-4C7E-BE2C-9FFAE8D5578F}.Debug|x86.Build.0 = Debug|Any CPU
		{DB7C5930-0B3A-4C7E-BE2C-9FFAE8D5578F}.Release|Any CPU.ActiveCfg = Release|Any CPU
		{DB7C5930-0B3A-4C7E-BE2C-9FFAE8D5578F}.Release|Any CPU.Build.0 = Release|Any CPU
		{DB7C5930-0B3A-4C7E-BE2C-9FFAE8D5578F}.Release|x64.ActiveCfg = Release|Any CPU
		{DB7C5930-0B3A-4C7E-BE2C-9FFAE8D5578F}.Release|x64.Build.0 = Release|Any CPU
		{DB7C5930-0B3A-4C7E-BE2C-9FFAE8D5578F}.Release|x86.ActiveCfg = Release|Any CPU
		{DB7C5930-0B3A-4C7E-BE2C-9FFAE8D5578F}.Release|x86.Build.0 = Release|Any CPU
		{A45BF10C-14E9-4FCC-B7AD-E8962155343D}.Debug|Any CPU.ActiveCfg = Debug|Any CPU
		{A45BF10C-14E9-4FCC-B7AD-E8962155343D}.Debug|Any CPU.Build.0 = Debug|Any CPU
		{A45BF10C-14E9-4FCC-B7AD-E8962155343D}.Debug|x64.ActiveCfg = Debug|Any CPU
		{A45BF10C-14E9-4FCC-B7AD-E8962155343D}.Debug|x64.Build.0 = Debug|Any CPU
		{A45BF10C-14E9-4FCC-B7AD-E8962155343D}.Debug|x86.ActiveCfg = Debug|Any CPU
		{A45BF10C-14E9-4FCC-B7AD-E8962155343D}.Debug|x86.Build.0 = Debug|Any CPU
		{A45BF10C-14E9-4FCC-B7AD-E8962155343D}.Release|Any CPU.ActiveCfg = Release|Any CPU
		{A45BF10C-14E9-4FCC-B7AD-E8962155343D}.Release|Any CPU.Build.0 = Release|Any CPU
		{A45BF10C-14E9-4FCC-B7AD-E8962155343D}.Release|x64.ActiveCfg = Release|Any CPU
		{A45BF10C-14E9-4FCC-B7AD-E8962155343D}.Release|x64.Build.0 = Release|Any CPU
		{A45BF10C-14E9-4FCC-B7AD-E8962155343D}.Release|x86.ActiveCfg = Release|Any CPU
		{A45BF10C-14E9-4FCC-B7AD-E8962155343D}.Release|x86.Build.0 = Release|Any CPU
		{83A93B3D-61D0-46BE-9D14-03ACC69D50CE}.Debug|Any CPU.ActiveCfg = Debug|Any CPU
		{83A93B3D-61D0-46BE-9D14-03ACC69D50CE}.Debug|Any CPU.Build.0 = Debug|Any CPU
		{83A93B3D-61D0-46BE-9D14-03ACC69D50CE}.Debug|x64.ActiveCfg = Debug|Any CPU
		{83A93B3D-61D0-46BE-9D14-03ACC69D50CE}.Debug|x64.Build.0 = Debug|Any CPU
		{83A93B3D-61D0-46BE-9D14-03ACC69D50CE}.Debug|x86.ActiveCfg = Debug|Any CPU
		{83A93B3D-61D0-46BE-9D14-03ACC69D50CE}.Debug|x86.Build.0 = Debug|Any CPU
		{83A93B3D-61D0-46BE-9D14-03ACC69D50CE}.Release|Any CPU.ActiveCfg = Release|Any CPU
		{83A93B3D-61D0-46BE-9D14-03ACC69D50CE}.Release|Any CPU.Build.0 = Release|Any CPU
		{83A93B3D-61D0-46BE-9D14-03ACC69D50CE}.Release|x64.ActiveCfg = Release|Any CPU
		{83A93B3D-61D0-46BE-9D14-03ACC69D50CE}.Release|x64.Build.0 = Release|Any CPU
		{83A93B3D-61D0-46BE-9D14-03ACC69D50CE}.Release|x86.ActiveCfg = Release|Any CPU
		{83A93B3D-61D0-46BE-9D14-03ACC69D50CE}.Release|x86.Build.0 = Release|Any CPU
	EndGlobalSection
	GlobalSection(SolutionProperties) = preSolution
		HideSolutionNode = FALSE
	EndGlobalSection
	GlobalSection(NestedProjects) = preSolution
		{CD1F4F96-04C2-9CDD-1146-A4133699FB33} = {1AE8ACA6-933B-BF2A-3671-3E2EAC007D16}
		{2BA37FAE-873A-4D3A-BCF5-D526AEC43A2F} = {CD1F4F96-04C2-9CDD-1146-A4133699FB33}
		{3C755975-A7BD-44BC-C8F9-5B13F14529BF} = {1AE8ACA6-933B-BF2A-3671-3E2EAC007D16}
		{2446710F-4287-4B34-B550-4300AF397747} = {3C755975-A7BD-44BC-C8F9-5B13F14529BF}
		{DB7C5930-0B3A-4C7E-BE2C-9FFAE8D5578F} = {3C755975-A7BD-44BC-C8F9-5B13F14529BF}
		{A45BF10C-14E9-4FCC-B7AD-E8962155343D} = {3C755975-A7BD-44BC-C8F9-5B13F14529BF}
		{83A93B3D-61D0-46BE-9D14-03ACC69D50CE} = {3C755975-A7BD-44BC-C8F9-5B13F14529BF}
	EndGlobalSection
EndGlobal
